
Microsoft Visual Studio Solution File, Format Version 12.00
# Visual Studio Version 16
VisualStudioVersion = 16.0.30011.22
MinimumVisualStudioVersion = 10.0.40219.1
Project("{FAE04EC0-301F-11D3-BF4B-00C04F79EFBC}") = "CarWebApp", "Car\CarWebApp.csproj", "{EC36440E-7F6C-4B76-BFFD-0AB95914E358}"
EndProject
Project("{FAE04EC0-301F-11D3-BF4B-00C04F79EFBC}") = "BusinessEntities", "BusinessEntities\BusinessEntities.csproj", "{F23E3BDB-B999-4971-BCB2-56881ABB55AA}"
EndProject
Project("{FAE04EC0-301F-11D3-BF4B-00C04F79EFBC}") = "DataAccess", "DataAccess\DataAccess.csproj", "{8C3409EB-3093-4734-9EA3-EBFA00AB071F}"
EndProject
Global
	GlobalSection(SolutionConfigurationPlatforms) = preSolution
		Debug|Any CPU = Debug|Any CPU
		Release|Any CPU = Release|Any CPU
	EndGlobalSection
	GlobalSection(ProjectConfigurationPlatforms) = postSolution
		{EC36440E-7F6C-4B76-BFFD-0AB95914E358}.Debug|Any CPU.ActiveCfg = Debug|Any CPU
		{EC36440E-7F6C-4B76-BFFD-0AB95914E358}.Debug|Any CPU.Build.0 = Debug|Any CPU
		{EC36440E-7F6C-4B76-BFFD-0AB95914E358}.Release|Any CPU.ActiveCfg = Release|Any CPU
		{EC36440E-7F6C-4B76-BFFD-0AB95914E358}.Release|Any CPU.Build.0 = Release|Any CPU
		{F23E3BDB-B999-4971-BCB2-56881ABB55AA}.Debug|Any CPU.ActiveCfg = Debug|Any CPU
		{F23E3BDB-B999-4971-BCB2-56881ABB55AA}.Debug|Any CPU.Build.0 = Debug|Any CPU
		{F23E3BDB-B999-4971-BCB2-56881ABB55AA}.Release|Any CPU.ActiveCfg = Release|Any CPU
		{F23E3BDB-B999-4971-BCB2-56881ABB55AA}.Release|Any CPU.Build.0 = Release|Any CPU
		{8C3409EB-3093-4734-9EA3-EBFA00AB071F}.Debug|Any CPU.ActiveCfg = Debug|Any CPU
		{8C3409EB-3093-4734-9EA3-EBFA00AB071F}.Debug|Any CPU.Build.0 = Debug|Any CPU
		{8C3409EB-3093-4734-9EA3-EBFA00AB071F}.Release|Any CPU.ActiveCfg = Release|Any CPU
		{8C3409EB-3093-4734-9EA3-EBFA00AB071F}.Release|Any CPU.Build.0 = Release|Any CPU
	EndGlobalSection
	GlobalSection(SolutionProperties) = preSolution
		HideSolutionNode = FALSE
	EndGlobalSection
	GlobalSection(ExtensibilityGlobals) = postSolution
		SolutionGuid = {AA56BAD9-B795-4597-BA75-6B5551EA1E56}
	EndGlobalSection
EndGlobal
